
Microsoft Visual Studio Solution File, Format Version 12.00
# Visual Studio Version 16
VisualStudioVersion = 16.0.810.18
MinimumVisualStudioVersion = 10.0.40219.1
Project("{FAE04EC0-301F-11D3-BF4B-00C04F79EFBC}") = "VideoStore", "VideoStore.csproj", "{5432A0B1-598D-43E6-81D4-D71F8C875AFD}"
EndProject
Global
	GlobalSection(SolutionConfigurationPlatforms) = preSolution
		Debug|Any CPU = Debug|Any CPU
		Release|Any CPU = Release|Any CPU
	EndGlobalSection
	GlobalSection(ProjectConfigurationPlatforms) = postSolution
		{5432A0B1-598D-43E6-81D4-D71F8C875AFD}.Debug|Any CPU.ActiveCfg = Debug|Any CPU
		{5432A0B1-598D-43E6-81D4-D71F8C875AFD}.Debug|Any CPU.Build.0 = Debug|Any CPU
		{5432A0B1-598D-43E6-81D4-D71F8C875AFD}.Release|Any CPU.ActiveCfg = Release|Any CPU
		{5432A0B1-598D-43E6-81D4-D71F8C875AFD}.Release|Any CPU.Build.0 = Release|Any CPU
	EndGlobalSection
	GlobalSection(SolutionProperties) = preSolution
		HideSolutionNode = FALSE
	EndGlobalSection
	GlobalSection(ExtensibilityGlobals) = postSolution
		SolutionGuid = {BE3AB9D5-880A-4A5A-98E1-AE265C4702B9}
	EndGlobalSection
EndGlobal
